PODS:
  - Kingfisher (5.14.0):
    - Kingfisher/Core (= 5.14.0)
  - Kingfisher/Core (5.14.0)
  - Macaroon/Banner (0.1.0)
  - Macaroon/Core (0.1.0):
    - Macaroon/Core/Application (= 0.1.0)
    - Macaroon/Core/Data (= 0.1.0)
    - Macaroon/Core/Error (= 0.1.0)
    - Macaroon/Core/Screens (= 0.1.0)
    - Macaroon/Core/Utils (= 0.1.0)
    - Macaroon/Core/Views (= 0.1.0)
    - SnapKit (~> 5.0.0)
  - Macaroon/Core-Hipo (0.1.0)
  - Macaroon/Core/Application (0.1.0):
    - Macaroon/Core/Application/Launch (= 0.1.0)
    - Macaroon/Core/Application/Route (= 0.1.0)
    - SnapKit (~> 5.0.0)
  - Macaroon/Core/Application/Launch (0.1.0):
    - SnapKit (~> 5.0.0)
  - Macaroon/Core/Application/Route (0.1.0):
    - Macaroon/Core/Application/Route/Deeplink (= 0.1.0)
    - SnapKit (~> 5.0.0)
  - Macaroon/Core/Application/Route/Deeplink (0.1.0):
    - SnapKit (~> 5.0.0)
  - Macaroon/Core/Data (0.1.0):
    - Macaroon/Core/Data/DataSources (= 0.1.0)
    - SnapKit (~> 5.0.0)
  - Macaroon/Core/Data/DataSources (0.1.0):
    - Macaroon/Core/Data/DataSources/List (= 0.1.0)
    - SnapKit (~> 5.0.0)
  - Macaroon/Core/Data/DataSources/List (0.1.0):
    - SnapKit (~> 5.0.0)
  - Macaroon/Core/Error (0.1.0):
    - SnapKit (~> 5.0.0)
  - Macaroon/Core/Screens (0.1.0):
    - Macaroon/Core/Screens/Configuration (= 0.1.0)
    - Macaroon/Core/Screens/Containers (= 0.1.0)
    - Macaroon/Core/Screens/List (= 0.1.0)
    - SnapKit (~> 5.0.0)
  - Macaroon/Core/Screens/Configuration (0.1.0):
    - Macaroon/Core/Screens/Configuration/NavigationBar (= 0.1.0)
    - Macaroon/Core/Screens/Configuration/StatusBar (= 0.1.0)
    - SnapKit (~> 5.0.0)
  - Macaroon/Core/Screens/Configuration/NavigationBar (0.1.0):
    - SnapKit (~> 5.0.0)
  - Macaroon/Core/Screens/Configuration/StatusBar (0.1.0):
    - SnapKit (~> 5.0.0)
  - Macaroon/Core/Screens/Containers (0.1.0):
    - SnapKit (~> 5.0.0)
  - Macaroon/Core/Screens/List (0.1.0):
    - SnapKit (~> 5.0.0)
  - Macaroon/Core/Utils (0.1.0):
    - Macaroon/Core/Utils/Extensions (= 0.1.0)
    - Macaroon/Core/Utils/Image (= 0.1.0)
    - Macaroon/Core/Utils/List (= 0.1.0)
    - Macaroon/Core/Utils/Notification (= 0.1.0)
    - Macaroon/Core/Utils/Performance (= 0.1.0)
    - Macaroon/Core/Utils/Presentables (= 0.1.0)
    - Macaroon/Core/Utils/Text (= 0.1.0)
    - SnapKit (~> 5.0.0)
  - Macaroon/Core/Utils/Extensions (0.1.0):
    - Macaroon/Core/Utils/Extensions/Foundation (= 0.1.0)
    - Macaroon/Core/Utils/Extensions/UI (= 0.1.0)
    - SnapKit (~> 5.0.0)
  - Macaroon/Core/Utils/Extensions/Foundation (0.1.0):
    - SnapKit (~> 5.0.0)
  - Macaroon/Core/Utils/Extensions/UI (0.1.0):
    - SnapKit (~> 5.0.0)
  - Macaroon/Core/Utils/Image (0.1.0):
    - SnapKit (~> 5.0.0)
  - Macaroon/Core/Utils/List (0.1.0):
    - SnapKit (~> 5.0.0)
  - Macaroon/Core/Utils/Notification (0.1.0):
    - SnapKit (~> 5.0.0)
  - Macaroon/Core/Utils/Performance (0.1.0):
    - SnapKit (~> 5.0.0)
  - Macaroon/Core/Utils/Presentables (0.1.0):
    - SnapKit (~> 5.0.0)
  - Macaroon/Core/Utils/Text (0.1.0):
    - Macaroon/Core/Utils/Text/Attributed (= 0.1.0)
    - SnapKit (~> 5.0.0)
  - Macaroon/Core/Utils/Text/Attributed (0.1.0):
    - SnapKit (~> 5.0.0)
  - Macaroon/Core/Views (0.1.0):
    - Macaroon/Core/Views/BaseComponents (= 0.1.0)
    - Macaroon/Core/Views/Components (= 0.1.0)
    - Macaroon/Core/Views/Configuration (= 0.1.0)
    - Macaroon/Core/Views/ListComponents (= 0.1.0)
    - SnapKit (~> 5.0.0)
  - Macaroon/Core/Views/BaseComponents (0.1.0):
    - SnapKit (~> 5.0.0)
  - Macaroon/Core/Views/Components (0.1.0):
    - Macaroon/Core/Views/Components/MaskedTextInputView (= 0.1.0)
    - Macaroon/Core/Views/Components/SegmentedControl (= 0.1.0)
    - SnapKit (~> 5.0.0)
  - Macaroon/Core/Views/Components/MaskedTextInputView (0.1.0):
    - SnapKit (~> 5.0.0)
  - Macaroon/Core/Views/Components/SegmentedControl (0.1.0):
    - SnapKit (~> 5.0.0)
  - Macaroon/Core/Views/Configuration (0.1.0):
    - Macaroon/Core/Views/Configuration/Data (= 0.1.0)
    - Macaroon/Core/Views/Configuration/Layout (= 0.1.0)
    - Macaroon/Core/Views/Configuration/Styling (= 0.1.0)
    - SnapKit (~> 5.0.0)
  - Macaroon/Core/Views/Configuration/Data (0.1.0):
    - SnapKit (~> 5.0.0)
  - Macaroon/Core/Views/Configuration/Layout (0.1.0):
    - SnapKit (~> 5.0.0)
  - Macaroon/Core/Views/Configuration/Styling (0.1.0):
    - Macaroon/Core/Views/Configuration/Styling/Customization (= 0.1.0)
    - SnapKit (~> 5.0.0)
  - Macaroon/Core/Views/Configuration/Styling/Customization (0.1.0):
    - SnapKit (~> 5.0.0)
  - Macaroon/Core/Views/ListComponents (0.1.0):
    - SnapKit (~> 5.0.0)
  - Macaroon/Form (0.1.0):
    - Macaroon/Form/Screens (= 0.1.0)
    - Macaroon/Form/Utils (= 0.1.0)
    - Macaroon/Form/Views (= 0.1.0)
  - Macaroon/Form/Screens (0.1.0)
  - Macaroon/Form/Utils (0.1.0)
  - Macaroon/Form/Views (0.1.0)
  - Macaroon/MediaPicker (0.1.0)
  - Macaroon/PushNotification (0.1.0)
  - Macaroon/SVGImage (0.1.0):
    - Macaroon/URLImage
    - Macaw (= 0.9.6)
  - Macaroon/SwiftLint (0.1.0):
    - SwiftLint (~> 0.37.0)
  - Macaroon/TabBar (0.1.0)
  - Macaroon/Tryouts (0.1.0):
    - Tryouts
  - Macaroon/URLImage (0.1.0):
    - Kingfisher (~> 5.0)
    - Macaroon/URLImage/Utils (= 0.1.0)
    - Macaroon/URLImage/ViewModels (= 0.1.0)
    - Macaroon/URLImage/Views (= 0.1.0)
  - Macaroon/URLImage/Utils (0.1.0):
    - Kingfisher (~> 5.0)
    - Macaroon/URLImage/Utils/Extensions (= 0.1.0)
    - Macaroon/URLImage/Utils/Properties (= 0.1.0)
  - Macaroon/URLImage/Utils/Extensions (0.1.0):
    - Kingfisher (~> 5.0)
  - Macaroon/URLImage/Utils/Properties (0.1.0):
    - Kingfisher (~> 5.0)
  - Macaroon/URLImage/ViewModels (0.1.0):
    - Kingfisher (~> 5.0)
  - Macaroon/URLImage/Views (0.1.0):
    - Kingfisher (~> 5.0)
    - Macaroon/URLImage/Views/Components (= 0.1.0)
    - Macaroon/URLImage/Views/Configuration (= 0.1.0)
  - Macaroon/URLImage/Views/Components (0.1.0):
    - Kingfisher (~> 5.0)
  - Macaroon/URLImage/Views/Configuration (0.1.0):
    - Kingfisher (~> 5.0)
    - Macaroon/URLImage/Views/Configuration/Styling (= 0.1.0)
  - Macaroon/URLImage/Views/Configuration/Styling (0.1.0):
    - Kingfisher (~> 5.0)
  - Macaroon/Zendesk-Chat (0.1.0):
    - ZendeskChatSDK (~> 2.6)
  - Macaw (0.9.6):
    - SWXMLHash
  - SnapKit (5.0.1)
  - SwiftLint (0.37.0)
  - SWXMLHash (5.0.1)
  - Tryouts (0.2.1)
  - ZendeskChatProvidersSDK (2.6.0)
  - ZendeskChatSDK (2.6.0):
    - ZendeskChatProvidersSDK (~> 2.6.0)
    - ZendeskMessagingSDK (~> 3.5.0)
  - ZendeskCommonUISDK (4.5.0):
    - ZendeskSDKConfigurationsSDK (~> 1.1.5)
  - ZendeskMessagingAPISDK (3.5.0):
    - ZendeskSDKConfigurationsSDK (~> 1.1.5)
  - ZendeskMessagingSDK (3.5.0):
    - ZendeskCommonUISDK (~> 4.5.0)
    - ZendeskMessagingAPISDK (~> 3.5.0)
  - ZendeskSDKConfigurationsSDK (1.1.5)

DEPENDENCIES:
  - Macaroon/Banner (from `../`)
  - Macaroon/Core (from `../`)
  - Macaroon/Core-Hipo (from `../`)
  - Macaroon/Form (from `../`)
  - Macaroon/MediaPicker (from `../`)
  - Macaroon/PushNotification (from `../`)
  - Macaroon/SVGImage (from `../`)
  - Macaroon/SwiftLint (from `../`)
  - Macaroon/TabBar (from `../`)
  - Macaroon/Tryouts (from `../`)
  - Macaroon/Zendesk-Chat (from `../`)

SPEC REPOS:
  trunk:
    - Kingfisher
    - Macaw
    - SnapKit
    - SwiftLint
    - SWXMLHash
    - Tryouts
    - ZendeskChatProvidersSDK
    - ZendeskChatSDK
    - ZendeskCommonUISDK
    - ZendeskMessagingAPISDK
    - ZendeskMessagingSDK
    - ZendeskSDKConfigurationsSDK

EXTERNAL SOURCES:
  Macaroon:
    :path: "../"

SPEC CHECKSUMS:
  Kingfisher: 7b64389a43139c903ec434788344c288217c792d
  Macaroon: 08f772698d1e543e64e35ad3ab17c025cdaccc71
  Macaw: 8306d775625ba003beee4186b9533fd7cf284024
  SnapKit: 97b92857e3df3a0c71833cce143274bf6ef8e5eb
  SwiftLint: c078a14d7d7ade75e5507795d185e3da41d844d2
  SWXMLHash: 9cc0c2e4807926c74377724aa8722ee5707a0485
  Tryouts: dabd03aa73c2b5d253a649d306df523fc090fcee
  ZendeskChatProvidersSDK: d33ec9a1aa2b3ff136f4c3697d4cf1ce6cd804c8
  ZendeskChatSDK: 8b0c8e5a526afbf3d081d219d15c092e4262ec0e
  ZendeskCommonUISDK: 8b1f1ec6a93b651d5d3711efc6978983310d3168
  ZendeskMessagingAPISDK: cfb67be6765d04ffc36aea64488cce0e5e88941f
  ZendeskMessagingSDK: de16036707b7623bacee7068009e121f823567f2
  ZendeskSDKConfigurationsSDK: 0c610c22c9e3cafcd31591344b8cc3b4398e49b2

PODFILE CHECKSUM: 68b6ff06de0c17a3547fccb9f4b568d11129e234

COCOAPODS: 1.9.1
