PODS:
  - Macaroon/Core (0.1.0):
    - Macaroon/Core/Application (= 0.1.0)
    - Macaroon/Core/Data (= 0.1.0)
    - Macaroon/Core/Error (= 0.1.0)
    - Macaroon/Core/Screens (= 0.1.0)
    - Macaroon/Core/Utils (= 0.1.0)
    - Macaroon/Core/Views (= 0.1.0)
    - SnapKit (~> 5.0.0)
  - Macaroon/Core/Application (0.1.0):
    - SnapKit (~> 5.0.0)
  - Macaroon/Core/Data (0.1.0):
    - Macaroon/Core/Data/DataSources (= 0.1.0)
    - SnapKit (~> 5.0.0)
  - Macaroon/Core/Data/DataSources (0.1.0):
    - Macaroon/Core/Data/DataSources/List (= 0.1.0)
    - SnapKit (~> 5.0.0)
  - Macaroon/Core/Data/DataSources/List (0.1.0):
    - SnapKit (~> 5.0.0)
  - Macaroon/Core/Error (0.1.0):
    - SnapKit (~> 5.0.0)
  - Macaroon/Core/Screens (0.1.0):
    - Macaroon/Core/Screens/Configuration (= 0.1.0)
    - Macaroon/Core/Screens/Containers (= 0.1.0)
    - Macaroon/Core/Screens/List (= 0.1.0)
    - SnapKit (~> 5.0.0)
  - Macaroon/Core/Screens/Configuration (0.1.0):
    - Macaroon/Core/Screens/Configuration/NavigationBar (= 0.1.0)
    - Macaroon/Core/Screens/Configuration/StatusBar (= 0.1.0)
    - SnapKit (~> 5.0.0)
  - Macaroon/Core/Screens/Configuration/NavigationBar (0.1.0):
    - SnapKit (~> 5.0.0)
  - Macaroon/Core/Screens/Configuration/StatusBar (0.1.0):
    - SnapKit (~> 5.0.0)
  - Macaroon/Core/Screens/Containers (0.1.0):
    - SnapKit (~> 5.0.0)
  - Macaroon/Core/Screens/List (0.1.0):
    - SnapKit (~> 5.0.0)
  - Macaroon/Core/Utils (0.1.0):
    - Macaroon/Core/Utils/Extensions (= 0.1.0)
    - Macaroon/Core/Utils/Notification (= 0.1.0)
    - Macaroon/Core/Utils/Text (= 0.1.0)
    - SnapKit (~> 5.0.0)
  - Macaroon/Core/Utils/Extensions (0.1.0):
    - Macaroon/Core/Utils/Extensions/Foundation (= 0.1.0)
    - Macaroon/Core/Utils/Extensions/UI (= 0.1.0)
    - SnapKit (~> 5.0.0)
  - Macaroon/Core/Utils/Extensions/Foundation (0.1.0):
    - SnapKit (~> 5.0.0)
  - Macaroon/Core/Utils/Extensions/UI (0.1.0):
    - SnapKit (~> 5.0.0)
  - Macaroon/Core/Utils/Notification (0.1.0):
    - SnapKit (~> 5.0.0)
  - Macaroon/Core/Utils/Text (0.1.0):
    - Macaroon/Core/Utils/Text/Attributed (= 0.1.0)
    - SnapKit (~> 5.0.0)
  - Macaroon/Core/Utils/Text/Attributed (0.1.0):
    - SnapKit (~> 5.0.0)
  - Macaroon/Core/Views (0.1.0):
    - Macaroon/Core/Views/Custom (= 0.1.0)
    - Macaroon/Core/Views/Layout (= 0.1.0)
    - Macaroon/Core/Views/Styling (= 0.1.0)
    - Macaroon/Core/Views/ViewModel (= 0.1.0)
    - SnapKit (~> 5.0.0)
  - Macaroon/Core/Views/Custom (0.1.0):
    - Macaroon/Core/Views/Custom/List (= 0.1.0)
    - SnapKit (~> 5.0.0)
  - Macaroon/Core/Views/Custom/List (0.1.0):
    - SnapKit (~> 5.0.0)
  - Macaroon/Core/Views/Layout (0.1.0):
    - Macaroon/Core/Views/Layout/List (= 0.1.0)
    - SnapKit (~> 5.0.0)
  - Macaroon/Core/Views/Layout/List (0.1.0):
    - SnapKit (~> 5.0.0)
  - Macaroon/Core/Views/Styling (0.1.0):
    - SnapKit (~> 5.0.0)
  - Macaroon/Core/Views/ViewModel (0.1.0):
    - SnapKit (~> 5.0.0)
  - Macaroon/Development (0.1.0):
    - Macaroon/Core
    - Macaroon/SwiftLint
    - Macaroon/Tryouts
  - Macaroon/Polling (0.1.0)
  - Macaroon/SwiftLint (0.1.0):
    - SwiftLint (~> 0.37.0)
  - Macaroon/TabBar (0.1.0):
    - Macaroon/TabBar/Configuration (= 0.1.0)
    - Macaroon/TabBar/Views (= 0.1.0)
  - Macaroon/TabBar/Configuration (0.1.0)
  - Macaroon/TabBar/Views (0.1.0)
  - Macaroon/Tryouts (0.1.0):
    - Tryouts
  - SnapKit (5.0.1)
  - SwiftLint (0.37.0)
  - Tryouts (0.2.1)

DEPENDENCIES:
  - Macaroon/Development (from `../`)
  - Macaroon/Polling (from `../`)
  - Macaroon/TabBar (from `../`)

SPEC REPOS:
  trunk:
    - SnapKit
    - SwiftLint
    - Tryouts

EXTERNAL SOURCES:
  Macaroon:
    :path: "../"

SPEC CHECKSUMS:
  Macaroon: f493140260020f4ad644a47e149b18dbd455c7b2
  SnapKit: 97b92857e3df3a0c71833cce143274bf6ef8e5eb
  SwiftLint: c078a14d7d7ade75e5507795d185e3da41d844d2
  Tryouts: dabd03aa73c2b5d253a649d306df523fc090fcee

PODFILE CHECKSUM: 8525899e7853bc09ce004b393187eff5c4bed283

COCOAPODS: 1.8.4
