PODS:
  - Kingfisher (5.14.0):
    - Kingfisher/Core (= 5.14.0)
  - Kingfisher/Core (5.14.0)
  - Macaroon/Banner (0.1.0)
  - Macaroon/Biometrics (0.1.0)
  - Macaroon/Core (0.1.0):
    - Macaroon/Core/Application (= 0.1.0)
    - Macaroon/Core/Error (= 0.1.0)
    - Macaroon/Core/Screens (= 0.1.0)
    - Macaroon/Core/Utils (= 0.1.0)
    - Macaroon/Core/Views (= 0.1.0)
    - SnapKit (~> 5.0.0)
  - Macaroon/Core-Hipo (0.1.0)
  - Macaroon/Core/Application (0.1.0):
    - Macaroon/Core/Application/Analytics (= 0.1.0)
    - Macaroon/Core/Application/Launch (= 0.1.0)
    - Macaroon/Core/Application/Route (= 0.1.0)
    - SnapKit (~> 5.0.0)
  - Macaroon/Core/Application/Analytics (0.1.0):
    - SnapKit (~> 5.0.0)
  - Macaroon/Core/Application/Launch (0.1.0):
    - SnapKit (~> 5.0.0)
  - Macaroon/Core/Application/Route (0.1.0):
    - Macaroon/Core/Application/Route/Deeplink (= 0.1.0)
    - SnapKit (~> 5.0.0)
  - Macaroon/Core/Application/Route/Deeplink (0.1.0):
    - SnapKit (~> 5.0.0)
  - Macaroon/Core/Error (0.1.0):
    - SnapKit (~> 5.0.0)
  - Macaroon/Core/Screens (0.1.0):
    - Macaroon/Core/Screens/Configuration (= 0.1.0)
    - Macaroon/Core/Screens/Containers (= 0.1.0)
    - Macaroon/Core/Screens/List (= 0.1.0)
    - SnapKit (~> 5.0.0)
  - Macaroon/Core/Screens/Configuration (0.1.0):
    - Macaroon/Core/Screens/Configuration/NavigationBar (= 0.1.0)
    - Macaroon/Core/Screens/Configuration/StatusBar (= 0.1.0)
    - SnapKit (~> 5.0.0)
  - Macaroon/Core/Screens/Configuration/NavigationBar (0.1.0):
    - SnapKit (~> 5.0.0)
  - Macaroon/Core/Screens/Configuration/StatusBar (0.1.0):
    - SnapKit (~> 5.0.0)
  - Macaroon/Core/Screens/Containers (0.1.0):
    - SnapKit (~> 5.0.0)
  - Macaroon/Core/Screens/List (0.1.0):
    - Macaroon/Core/Screens/List/Configuration (= 0.1.0)
    - SnapKit (~> 5.0.0)
  - Macaroon/Core/Screens/List/Configuration (0.1.0):
    - SnapKit (~> 5.0.0)
  - Macaroon/Core/Utils (0.1.0):
    - Macaroon/Core/Utils/Extensions (= 0.1.0)
    - Macaroon/Core/Utils/Image (= 0.1.0)
    - Macaroon/Core/Utils/List (= 0.1.0)
    - Macaroon/Core/Utils/Notification (= 0.1.0)
    - Macaroon/Core/Utils/Performance (= 0.1.0)
    - Macaroon/Core/Utils/Text (= 0.1.0)
    - Macaroon/Core/Utils/Time (= 0.1.0)
    - SnapKit (~> 5.0.0)
  - Macaroon/Core/Utils/Extensions (0.1.0):
    - Macaroon/Core/Utils/Extensions/Foundation (= 0.1.0)
    - Macaroon/Core/Utils/Extensions/UI (= 0.1.0)
    - SnapKit (~> 5.0.0)
  - Macaroon/Core/Utils/Extensions/Foundation (0.1.0):
    - SnapKit (~> 5.0.0)
  - Macaroon/Core/Utils/Extensions/UI (0.1.0):
    - SnapKit (~> 5.0.0)
  - Macaroon/Core/Utils/Image (0.1.0):
    - SnapKit (~> 5.0.0)
  - Macaroon/Core/Utils/List (0.1.0):
    - SnapKit (~> 5.0.0)
  - Macaroon/Core/Utils/Notification (0.1.0):
    - SnapKit (~> 5.0.0)
  - Macaroon/Core/Utils/Performance (0.1.0):
    - SnapKit (~> 5.0.0)
  - Macaroon/Core/Utils/Text (0.1.0):
    - Macaroon/Core/Utils/Text/Attributed (= 0.1.0)
    - SnapKit (~> 5.0.0)
  - Macaroon/Core/Utils/Text/Attributed (0.1.0):
    - SnapKit (~> 5.0.0)
  - Macaroon/Core/Utils/Time (0.1.0):
    - SnapKit (~> 5.0.0)
  - Macaroon/Core/Views (0.1.0):
    - Macaroon/Core/Views/BaseComponents (= 0.1.0)
    - Macaroon/Core/Views/Components (= 0.1.0)
    - Macaroon/Core/Views/Configuration (= 0.1.0)
    - Macaroon/Core/Views/ListComponents (= 0.1.0)
    - SnapKit (~> 5.0.0)
  - Macaroon/Core/Views/BaseComponents (0.1.0):
    - SnapKit (~> 5.0.0)
  - Macaroon/Core/Views/Components (0.1.0):
    - Macaroon/Core/Views/Components/EmptyStateView (= 0.1.0)
    - Macaroon/Core/Views/Components/MaskedTextInputView (= 0.1.0)
    - Macaroon/Core/Views/Components/SegmentedControl (= 0.1.0)
    - SnapKit (~> 5.0.0)
  - Macaroon/Core/Views/Components/EmptyStateView (0.1.0):
    - SnapKit (~> 5.0.0)
  - Macaroon/Core/Views/Components/MaskedTextInputView (0.1.0):
    - SnapKit (~> 5.0.0)
  - Macaroon/Core/Views/Components/SegmentedControl (0.1.0):
    - SnapKit (~> 5.0.0)
  - Macaroon/Core/Views/Configuration (0.1.0):
    - Macaroon/Core/Views/Configuration/Data (= 0.1.0)
    - Macaroon/Core/Views/Configuration/Layout (= 0.1.0)
    - Macaroon/Core/Views/Configuration/Styling (= 0.1.0)
    - SnapKit (~> 5.0.0)
  - Macaroon/Core/Views/Configuration/Data (0.1.0):
    - SnapKit (~> 5.0.0)
  - Macaroon/Core/Views/Configuration/Layout (0.1.0):
    - SnapKit (~> 5.0.0)
  - Macaroon/Core/Views/Configuration/Styling (0.1.0):
    - Macaroon/Core/Views/Configuration/Styling/Customization (= 0.1.0)
    - SnapKit (~> 5.0.0)
  - Macaroon/Core/Views/Configuration/Styling/Customization (0.1.0):
    - SnapKit (~> 5.0.0)
  - Macaroon/Core/Views/ListComponents (0.1.0):
    - SnapKit (~> 5.0.0)
  - Macaroon/CustomUI/FloatingPlaceholderTextInputs (0.1.0):
    - "MaterialComponents/TextControls+FilledTextAreas (~> 110.1.0)"
    - "MaterialComponents/TextControls+FilledTextFields (~> 110.1.0)"
  - Macaroon/Form (0.1.0):
    - Macaroon/Form/Screens (= 0.1.0)
    - Macaroon/Form/Utils (= 0.1.0)
    - Macaroon/Form/Views (= 0.1.0)
  - Macaroon/Form/Screens (0.1.0)
  - Macaroon/Form/Utils (0.1.0)
  - Macaroon/Form/Views (0.1.0)
  - Macaroon/MediaPicker (0.1.0)
  - Macaroon/Mixpanel (0.1.0):
    - Mixpanel-swift (~> 2.7)
  - Macaroon/PushNotification (0.1.0)
  - Macaroon/SVGImage (0.1.0):
    - Macaroon/URLImage
    - Macaw (= 0.9.7)
  - Macaroon/SwiftLint (0.1.0):
    - SwiftLint (~> 0.37.0)
  - Macaroon/TabBar (0.1.0)
  - Macaroon/Tryouts (0.1.0):
    - Tryouts
  - Macaroon/URLImage (0.1.0):
    - Kingfisher (~> 5.0)
    - Macaroon/URLImage/Utils (= 0.1.0)
    - Macaroon/URLImage/ViewModels (= 0.1.0)
    - Macaroon/URLImage/Views (= 0.1.0)
  - Macaroon/URLImage/Utils (0.1.0):
    - Kingfisher (~> 5.0)
    - Macaroon/URLImage/Utils/Extensions (= 0.1.0)
    - Macaroon/URLImage/Utils/Properties (= 0.1.0)
  - Macaroon/URLImage/Utils/Extensions (0.1.0):
    - Kingfisher (~> 5.0)
  - Macaroon/URLImage/Utils/Properties (0.1.0):
    - Kingfisher (~> 5.0)
  - Macaroon/URLImage/ViewModels (0.1.0):
    - Kingfisher (~> 5.0)
  - Macaroon/URLImage/Views (0.1.0):
    - Kingfisher (~> 5.0)
    - Macaroon/URLImage/Views/Components (= 0.1.0)
    - Macaroon/URLImage/Views/Configuration (= 0.1.0)
  - Macaroon/URLImage/Views/Components (0.1.0):
    - Kingfisher (~> 5.0)
  - Macaroon/URLImage/Views/Configuration (0.1.0):
    - Kingfisher (~> 5.0)
    - Macaroon/URLImage/Views/Configuration/Styling (= 0.1.0)
  - Macaroon/URLImage/Views/Configuration/Styling (0.1.0):
    - Kingfisher (~> 5.0)
  - Macaroon/Zendesk-Chat (0.1.0):
    - ZendeskChatSDK (~> 2.9)
  - Macaw (0.9.7):
    - SWXMLHash
  - MaterialComponents/AnimationTiming (110.1.0)
  - MaterialComponents/Availability (110.1.0)
  - MaterialComponents/private/Math (110.1.0)
  - "MaterialComponents/private/TextControlsPrivate+BaseStyle (110.1.0)":
    - MaterialComponents/AnimationTiming
    - MaterialComponents/private/Math
    - "MaterialComponents/private/TextControlsPrivate+Shared"
  - "MaterialComponents/private/TextControlsPrivate+FilledStyle (110.1.0)":
    - MaterialComponents/AnimationTiming
    - MaterialComponents/Availability
    - MaterialComponents/private/Math
    - "MaterialComponents/private/TextControlsPrivate+Shared"
    - "MaterialComponents/private/TextControlsPrivate+UnderlinedStyle"
  - "MaterialComponents/private/TextControlsPrivate+Shared (110.1.0)":
    - MaterialComponents/AnimationTiming
    - MaterialComponents/private/Math
    - "MaterialComponents/TextControls+Enums"
  - "MaterialComponents/private/TextControlsPrivate+TextFields (110.1.0)":
    - MaterialComponents/private/Math
    - "MaterialComponents/private/TextControlsPrivate+Shared"
  - "MaterialComponents/private/TextControlsPrivate+UnderlinedStyle (110.1.0)":
    - MaterialComponents/AnimationTiming
    - MaterialComponents/Availability
    - MaterialComponents/private/Math
    - "MaterialComponents/private/TextControlsPrivate+Shared"
  - "MaterialComponents/TextControls+BaseTextAreas (110.1.0)":
    - "MaterialComponents/private/TextControlsPrivate+BaseStyle"
    - "MaterialComponents/private/TextControlsPrivate+Shared"
    - MDFInternationalization
  - "MaterialComponents/TextControls+BaseTextFields (110.1.0)":
    - "MaterialComponents/private/TextControlsPrivate+BaseStyle"
    - "MaterialComponents/private/TextControlsPrivate+Shared"
    - "MaterialComponents/private/TextControlsPrivate+TextFields"
    - MDFInternationalization
  - "MaterialComponents/TextControls+Enums (110.1.0)"
  - "MaterialComponents/TextControls+FilledTextAreas (110.1.0)":
    - MaterialComponents/Availability
    - "MaterialComponents/private/TextControlsPrivate+FilledStyle"
    - "MaterialComponents/TextControls+BaseTextAreas"
  - "MaterialComponents/TextControls+FilledTextFields (110.1.0)":
    - MaterialComponents/Availability
    - "MaterialComponents/private/TextControlsPrivate+FilledStyle"
    - "MaterialComponents/TextControls+BaseTextFields"
  - MDFInternationalization (2.0.0)
  - Mixpanel-swift (2.7.7):
    - Mixpanel-swift/Complete (= 2.7.7)
  - Mixpanel-swift/Complete (2.7.7)
  - SnapKit (5.0.1)
  - SwiftLint (0.37.0)
  - SWXMLHash (5.0.1)
  - Tryouts (0.2.1)
  - ZendeskChatProvidersSDK (2.9.0)
  - ZendeskChatSDK (2.9.0):
    - ZendeskChatProvidersSDK (~> 2.9.0)
    - ZendeskMessagingSDK (~> 3.8.0)
  - ZendeskCommonUISDK (6.0.0):
    - ZendeskSDKConfigurationsSDK (~> 1.1.6)
  - ZendeskMessagingAPISDK (3.8.0):
    - ZendeskSDKConfigurationsSDK (~> 1.1.6)
  - ZendeskMessagingSDK (3.8.0):
    - ZendeskCommonUISDK (~> 6.0.0)
    - ZendeskMessagingAPISDK (~> 3.8.0)
  - ZendeskSDKConfigurationsSDK (1.1.6)

DEPENDENCIES:
  - Macaroon/Banner (from `../`)
  - Macaroon/Biometrics (from `../`)
  - Macaroon/Core (from `../`)
  - Macaroon/Core-Hipo (from `../`)
  - Macaroon/CustomUI/FloatingPlaceholderTextInputs (from `../`)
  - Macaroon/Form (from `../`)
  - Macaroon/MediaPicker (from `../`)
  - Macaroon/Mixpanel (from `../`)
  - Macaroon/PushNotification (from `../`)
  - Macaroon/SVGImage (from `../`)
  - Macaroon/SwiftLint (from `../`)
  - Macaroon/TabBar (from `../`)
  - Macaroon/Tryouts (from `../`)
  - Macaroon/Zendesk-Chat (from `../`)

SPEC REPOS:
  trunk:
    - Kingfisher
    - Macaw
    - MaterialComponents
    - MDFInternationalization
    - Mixpanel-swift
    - SnapKit
    - SwiftLint
    - SWXMLHash
    - Tryouts
    - ZendeskChatProvidersSDK
    - ZendeskChatSDK
    - ZendeskCommonUISDK
    - ZendeskMessagingAPISDK
    - ZendeskMessagingSDK
    - ZendeskSDKConfigurationsSDK

EXTERNAL SOURCES:
  Macaroon:
    :path: "../"

SPEC CHECKSUMS:
  Kingfisher: 7b64389a43139c903ec434788344c288217c792d
  Macaroon: 34e81ae1dbd52c2a9f435f4b76e2bade21be7058
  Macaw: 4a931baf9a9826b06d0d8ecf300014c962ab9d50
  MaterialComponents: 4cb6659322cfc38bb0a7e40fba1866daaefeb12c
  MDFInternationalization: 010097556d6b09d2c4ea38e0820ea6d37be6a314
  Mixpanel-swift: 3a8fb9ce791e9c64d556b9446aa470b469c6fa7d
  SnapKit: 97b92857e3df3a0c71833cce143274bf6ef8e5eb
  SwiftLint: c078a14d7d7ade75e5507795d185e3da41d844d2
  SWXMLHash: 9cc0c2e4807926c74377724aa8722ee5707a0485
  Tryouts: dabd03aa73c2b5d253a649d306df523fc090fcee
  ZendeskChatProvidersSDK: dd8cbf33c4b7209a8ee7945faa4d2cd3b609ff15
  ZendeskChatSDK: 942bad4d4d5ec0c40fbd6d2690c1cc2e8c24d879
  ZendeskCommonUISDK: f496b95e2cb728bd5729fe022f400cf1dedda00b
  ZendeskMessagingAPISDK: e315a6ad7a9b6cae9e52d946df4aa8a7727abdf5
  ZendeskMessagingSDK: 774d88bec0671d58ae51c9964d4c4f9bb4142095
  ZendeskSDKConfigurationsSDK: 2fa9413915db85c993f58ad8f7902bea0b6090a5

PODFILE CHECKSUM: 681680b63b4a0cb94ef7dc64a4953fceed96deb8

COCOAPODS: 1.9.3
