{
  "object": {
    "pins": [
      {
        "package": "AnyFormatKit",
        "repositoryURL": "https://github.com/luximetr/AnyFormatKit.git",
        "state": {
          "branch": null,
          "revision": "ae3a965164005b07f81d6aa066520d7ad14ea54e",
          "version": "2.5.2"
        }
      },
      {
        "package": "Kingfisher",
        "repositoryURL": "https://github.com/onevcat/Kingfisher.git",
        "state": {
          "branch": null,
          "revision": "1a7b5480eb750a8e171654b9b1cb0a2cbeb27a55",
          "version": "7.2.1"
        }
      },
      {
        "package": "MacaroonUtils",
        "repositoryURL": "https://github.com/Hipo/macaroon-utils.git",
        "state": {
          "branch": null,
          "revision": "a757800d51403eb8a844ffe5d5ad2e354840bc6e",
          "version": "3.1.0"
        }
      },
      {
        "package": "Macaw",
        "repositoryURL": "https://github.com/exyte/macaw.git",
        "state": {
          "branch": null,
          "revision": "d50834811182a86333da721fd3c6731ebd66ad6c",
          "version": "0.9.9"
        }
      },
      {
        "package": "Mixpanel",
        "repositoryURL": "https://github.com/mixpanel/mixpanel-swift.git",
        "state": {
          "branch": null,
          "revision": "cf569f790c0ec9e9f94f25e56b7ba5762198d34a",
          "version": "2.10.4"
        }
      },
      {
        "package": "SnapKit",
        "repositoryURL": "https://github.com/SnapKit/SnapKit.git",
        "state": {
          "branch": null,
          "revision": "f222cbdf325885926566172f6f5f06af95473158",
          "version": "5.6.0"
        }
      },
      {
        "package": "SWXMLHash",
        "repositoryURL": "https://github.com/drmohundro/SWXMLHash",
        "state": {
          "branch": null,
          "revision": "6469881a3f30417c5bb02404ea4b69207f297592",
          "version": "6.0.0"
        }
      },
      {
        "package": "Valet",
        "repositoryURL": "https://github.com/Square/Valet.git",
        "state": {
          "branch": null,
          "revision": "2bf3329055f5d71d42a12801dd69d1d770fafa5e",
          "version": "4.1.2"
        }
      }
    ]
  },
  "version": 1
}
